// !$*UTF8*$!
{
	archiveVersion = 1;
	classes = {
	};
	objectVersion = 50;
	objects = {

/* Begin PBXBuildFile section */
		DC8C492E2213B4CC00AF7310 /* AppDelegate.m in Sources */ = {isa = PBXBuildFile; fileRef = DC8C492D2213B4CC00AF7310 /* AppDelegate.m */; };
		DC8C49312213B4CC00AF7310 /* ViewController.m in Sources */ = {isa = PBXBuildFile; fileRef = DC8C49302213B4CC00AF7310 /* ViewController.m */; };
		DC8C49342213B4CC00AF7310 /* Main.storyboard in Resources */ = {isa = PBXBuildFile; fileRef = DC8C49322213B4CC00AF7310 /* Main.storyboard */; };
		DC8C49362213B4CD00AF7310 /* Assets.xcassets in Resources */ = {isa = PBXBuildFile; fileRef = DC8C49352213B4CD00AF7310 /* Assets.xcassets */; };
		DC8C49392213B4CD00AF7310 /* LaunchScreen.storyboard in Resources */ = {isa = PBXBuildFile; fileRef = DC8C49372213B4CD00AF7310 /* LaunchScreen.storyboard */; };
		DC8C493C2213B4CD00AF7310 /* main.m in Sources */ = {isa = PBXBuildFile; fileRef = DC8C493B2213B4CD00AF7310 /* main.m */; };
		DC8C496B2213B6ED00AF7310 /* MBController.m in Sources */ = {isa = PBXBuildFile; fileRef = DC8C496A2213B6ED00AF7310 /* MBController.m */; };
/* End PBXBuildFile section */

/* Begin PBXFileReference section */
		DC8C49292213B4CC00AF7310 /* MB.app */ = {isa = PBXFileReference; explicitFileType = wrapper.application; includeInIndex = 0; path = MB.app; sourceTree = BUILT_PRODUCTS_DIR; };
		DC8C492C2213B4CC00AF7310 /* AppDelegate.h */ = {isa = PBXFileReference; lastKnownFileType = sourcecode.c.h; path = AppDelegate.h; sourceTree = "<group>"; };
		DC8C492D2213B4CC00AF7310 /* AppDelegate.m */ = {isa = PBXFileReference; lastKnownFileType = sourcecode.c.objc; path = AppDelegate.m; sourceTree = "<group>"; };
		DC8C492F2213B4CC00AF7310 /* ViewController.h */ = {isa = PBXFileReference; lastKnownFileType = sourcecode.c.h; path = ViewController.h; sourceTree = "<group>"; };
		DC8C49302213B4CC00AF7310 /* ViewController.m */ = {isa = PBXFileReference; lastKnownFileType = sourcecode.c.objc; path = ViewController.m; sourceTree = "<group>"; };
		DC8C49332213B4CC00AF7310 /* Base */ = {isa = PBXFileReference; lastKnownFileType = file.storyboard; name = Base; path = Base.lproj/Main.storyboard; sourceTree = "<group>"; };
		DC8C49352213B4CD00AF7310 /* Assets.xcassets */ = {isa = PBXFileReference; lastKnownFileType = folder.assetcatalog; path = Assets.xcassets; sourceTree = "<group>"; };
		DC8C49382213B4CD00AF7310 /* Base */ = {isa = PBXFileReference; lastKnownFileType = file.storyboard; name = Base; path = Base.lproj/LaunchScreen.storyboard; sourceTree = "<group>"; };
		DC8C493A2213B4CD00AF7310 /* Info.plist */ = {isa = PBXFileReference; lastKnownFileType = text.plist.xml; path = Info.plist; sourceTree = "<group>"; };
		DC8C493B2213B4CD00AF7310 /* main.m */ = {isa = PBXFileReference; lastKnownFileType = sourcecode.c.objc; path = main.m; sourceTree = "<group>"; };
		DC8C49692213B6ED00AF7310 /* MBController.h */ = {isa = PBXFileReference; lastKnownFileType = sourcecode.c.h; path = MBController.h; sourceTree = "<group>"; };
		DC8C496A2213B6ED00AF7310 /* MBController.m */ = {isa = PBXFileReference; lastKnownFileType = sourcecode.c.objc; path = MBController.m; sourceTree = "<group>"; };
/* End PBXFileReference section */

/* Begin PBXFrameworksBuildPhase section */
		DC8C49262213B4CC00AF7310 /* Frameworks */ = {
			isa = PBXFrameworksBuildPhase;
			buildActionMask = 2147483647;
			files = (
			);
			runOnlyForDeploymentPostprocessing = 0;
		};
/* End PBXFrameworksBuildPhase section */

/* Begin PBXGroup section */
		DC8C49202213B4CC00AF7310 = {
			isa = PBXGroup;
			children = (
				DC8C49682213B6DB00AF7310 /* Classes */,
				DC8C492B2213B4CC00AF7310 /* MB */,
				DC8C492A2213B4CC00AF7310 /* Products */,
			);
			sourceTree = "<group>";
		};
		DC8C492A2213B4CC00AF7310 /* Products */ = {
			isa = PBXGroup;
			children = (
				DC8C49292213B4CC00AF7310 /* MB.app */,
			);
			name = Products;
			sourceTree = "<group>";
		};
		DC8C492B2213B4CC00AF7310 /* MB */ = {
			isa = PBXGroup;
			children = (
				DC8C492C2213B4CC00AF7310 /* AppDelegate.h */,
				DC8C492D2213B4CC00AF7310 /* AppDelegate.m */,
				DC8C492F2213B4CC00AF7310 /* ViewController.h */,
				DC8C49302213B4CC00AF7310 /* ViewController.m */,
				DC8C49322213B4CC00AF7310 /* Main.storyboard */,
				DC8C49352213B4CD00AF7310 /* Assets.xcassets */,
				DC8C49372213B4CD00AF7310 /* LaunchScreen.storyboard */,
				DC8C493A2213B4CD00AF7310 /* Info.plist */,
				DC8C493B2213B4CD00AF7310 /* main.m */,
			);
			path = MB;
			sourceTree = "<group>";
		};
		DC8C49682213B6DB00AF7310 /* Classes */ = {
			isa = PBXGroup;
			children = (
				DC8C49692213B6ED00AF7310 /* MBController.h */,
				DC8C496A2213B6ED00AF7310 /* MBController.m */,
			);
			name = Classes;
			path = ../Classes;
			sourceTree = "<group>";
		};
/* End PBXGroup section */

/* Begin PBXNativeTarget section */
		DC8C49282213B4CC00AF7310 /* MB */ = {
			isa = PBXNativeTarget;
			buildConfigurationList = DC8C493F2213B4CD00AF7310 /* Build configuration list for PBXNativeTarget "MB" */;
			buildPhases = (
				DC8C49252213B4CC00AF7310 /* Sources */,
				DC8C49262213B4CC00AF7310 /* Frameworks */,
				DC8C49272213B4CC00AF7310 /* Resources */,
			);
			buildRules = (
			);
			dependencies = (
			);
			name = MB;
			productName = MB;
			productReference = DC8C49292213B4CC00AF7310 /* MB.app */;
			productType = "com.apple.product-type.application";
		};
/* End PBXNativeTarget section */

/* Begin PBXProject section */
		DC8C49212213B4CC00AF7310 /* Project object */ = {
			isa = PBXProject;
			attributes = {
				LastUpgradeCheck = 1010;
				ORGANIZATIONNAME = langlib;
				TargetAttributes = {
					DC8C49282213B4CC00AF7310 = {
						CreatedOnToolsVersion = 10.1;
					};
				};
			};
			buildConfigurationList = DC8C49242213B4CC00AF7310 /* Build configuration list for PBXProject "MB" */;
			compatibilityVersion = "Xcode 9.3";
			developmentRegion = en;
			hasScannedForEncodings = 0;
			knownRegions = (
				en,
				Base,
			);
			mainGroup = DC8C49202213B4CC00AF7310;
			productRefGroup = DC8C492A2213B4CC00AF7310 /* Products */;
			projectDirPath = "";
			projectRoot = "";
			targets = (
				DC8C49282213B4CC00AF7310 /* MB */,
			);
		};
/* End PBXProject section */

/* Begin PBXResourcesBuildPhase section */
		DC8C49272213B4CC00AF7310 /* Resources */ = {
			isa = PBXResourcesBuildPhase;
			buildActionMask = 2147483647;
			files = (
				DC8C49392213B4CD00AF7310 /* LaunchScreen.storyboard in Resources */,
				DC8C49362213B4CD00AF7310 /* Assets.xcassets in Resources */,
				DC8C49342213B4CC00AF7310 /* Main.storyboard in Resources */,
			);
			runOnlyForDeploymentPostprocessing = 0;
		};
/* End PBXResourcesBuildPhase section */

/* Begin PBXSourcesBuildPhase section */
		DC8C49252213B4CC00AF7310 /* Sources */ = {
			isa = PBXSourcesBuildPhase;
			buildActionMask = 2147483647;
			files = (
				DC8C496B2213B6ED00AF7310 /* MBController.m in Sources */,
				DC8C49312213B4CC00AF7310 /* ViewController.m in Sources */,
				DC8C493C2213B4CD00AF7310 /* main.m in Sources */,
				DC8C492E2213B4CC00AF7310 /* AppDelegate.m in Sources */,
			);
			runOnlyForDeploymentPostprocessing = 0;
		};
/* End PBXSourcesBuildPhase section */

/* Begin PBXVariantGroup section */
		DC8C49322213B4CC00AF7310 /* Main.storyboard */ = {
			isa = PBXVariantGroup;
			children = (
				DC8C49332213B4CC00AF7310 /* Base */,
			);
			name = Main.storyboard;
			sourceTree = "<group>";
		};
		DC8C49372213B4CD00AF7310 /* LaunchScreen.storyboard */ = {
			isa = PBXVariantGroup;
			children = (
				DC8C49382213B4CD00AF7310 /* Base */,
			);
			name = LaunchScreen.storyboard;
			sourceTree = "<group>";
		};
/* End PBXVariantGroup section */

/* Begin XCBuildConfiguration section */
		DC8C493D2213B4CD00AF7310 /* Debug */ = {
			isa = XCBuildConfiguration;
			buildSettings = {
				ALWAYS_SEARCH_USER_PATHS = NO;
				CLANG_ANALYZER_NONNULL = YES;
				CLANG_ANALYZER_NUMBER_OBJECT_CONVERSION = YES_AGGRESSIVE;
				CLANG_CXX_LANGUAGE_STANDARD = "gnu++14";
				CLANG_CXX_LIBRARY = "libc++";
				CLANG_ENABLE_MODULES = YES;
				CLANG_ENABLE_OBJC_ARC = YES;
				CLANG_ENABLE_OBJC_WEAK = YES;
				CLANG_WARN_BLOCK_CAPTURE_AUTORELEASING = YES;
				CLANG_WARN_BOOL_CONVERSION = YES;
				CLANG_WARN_COMMA = YES;
				CLANG_WARN_CONSTANT_CONVERSION = YES;
				CLANG_WARN_DEPRECATED_OBJC_IMPLEMENTATIONS = YES;
				CLANG_WARN_DIRECT_OBJC_ISA_USAGE = YES_ERROR;
				CLANG_WARN_DOCUMENTATION_COMMENTS = YES;
				CLANG_WARN_EMPTY_BODY = YES;
				CLANG_WARN_ENUM_CONVERSION = YES;
				CLANG_WARN_INFINITE_RECURSION = YES;
				CLANG_WARN_INT_CONVERSION = YES;
				CLANG_WARN_NON_LITERAL_NULL_CONVERSION = YES;
				CLANG_WARN_OBJC_IMPLICIT_RETAIN_SELF = YES;
				CLANG_WARN_OBJC_LITERAL_CONVERSION = YES;
				CLANG_WARN_OBJC_ROOT_CLASS = YES_ERROR;
				CLANG_WARN_RANGE_LOOP_ANALYSIS = YES;
				CLANG_WARN_STRICT_PROTOTYPES = YES;
				CLANG_WARN_SUSPICIOUS_MOVE = YES;
				CLANG_WARN_UNGUARDED_AVAILABILITY = YES_AGGRESSIVE;
				CLANG_WARN_UNREACHABLE_CODE = YES;
				CLANG_WARN__DUPLICATE_METHOD_MATCH = YES;
				CODE_SIGN_IDENTITY = "iPhone Developer";
				COPY_PHASE_STRIP = NO;
				DEBUG_INFORMATION_FORMAT = dwarf;
				ENABLE_STRICT_OBJC_MSGSEND = YES;
				ENABLE_TESTABILITY = YES;
				GCC_C_LANGUAGE_STANDARD = gnu11;
				GCC_DYNAMIC_NO_PIC = NO;
				GCC_NO_COMMON_BLOCKS = YES;
				GCC_OPTIMIZATION_LEVEL = 0;
				GCC_PREPROCESSOR_DEFINITIONS = (
					"DEBUG=1",
					"$(inherited)",
				);
				GCC_WARN_64_TO_32_BIT_CONVERSION = YES;
				GCC_WARN_ABOUT_RETURN_TYPE = YES_ERROR;
				GCC_WARN_UNDECLARED_SELECTOR = YES;
				GCC_WARN_UNINITIALIZED_AUTOS = YES_AGGRESSIVE;
				GCC_WARN_UNUSED_FUNCTION = YES;
				GCC_WARN_UNUSED_VARIABLE = YES;
				IPHONEOS_DEPLOYMENT_TARGET = 12.1;
				MTL_ENABLE_DEBUG_INFO = INCLUDE_SOURCE;
				MTL_FAST_MATH = YES;
				ONLY_ACTIVE_ARCH = YES;
				SDKROOT = iphoneos;
			};
			name = Debug;
		};
		DC8C493E2213B4CD00AF7310 /* Release */ = {
			isa = XCBuildConfiguration;
			buildSettings = {
				ALWAYS_SEARCH_USER_PATHS = NO;
				CLANG_ANALYZER_NONNULL = YES;
				CLANG_ANALYZER_NUMBER_OBJECT_CONVERSION = YES_AGGRESSIVE;
				CLANG_CXX_LANGUAGE_STANDARD = "gnu++14";
				CLANG_CXX_LIBRARY = "libc++";
				CLANG_ENABLE_MODULES = YES;
				CLANG_ENABLE_OBJC_ARC = YES;
				CLANG_ENABLE_OBJC_WEAK = YES;
				CLANG_WARN_BLOCK_CAPTURE_AUTORELEASING = YES;
				CLANG_WARN_BOOL_CONVERSION = YES;
				CLANG_WARN_COMMA = YES;
				CLANG_WARN_CONSTANT_CONVERSION = YES;
				CLANG_WARN_DEPRECATED_OBJC_IMPLEMENTATIONS = YES;
				CLANG_WARN_DIRECT_OBJC_ISA_USAGE = YES_ERROR;
				CLANG_WARN_DOCUMENTATION_COMMENTS = YES;
				CLANG_WARN_EMPTY_BODY = YES;
				CLANG_WARN_ENUM_CONVERSION = YES;
				CLANG_WARN_INFINITE_RECURSION = YES;
				CLANG_WARN_INT_CONVERSION = YES;
				CLANG_WARN_NON_LITERAL_NULL_CONVERSION = YES;
				CLANG_WARN_OBJC_IMPLICIT_RETAIN_SELF = YES;
				CLANG_WARN_OBJC_LITERAL_CONVERSION = YES;
				CLANG_WARN_OBJC_ROOT_CLASS = YES_ERROR;
				CLANG_WARN_RANGE_LOOP_ANALYSIS = YES;
				CLANG_WARN_STRICT_PROTOTYPES = YES;
				CLANG_WARN_SUSPICIOUS_MOVE = YES;
				CLANG_WARN_UNGUARDED_AVAILABILITY = YES_AGGRESSIVE;
				CLANG_WARN_UNREACHABLE_CODE = YES;
				CLANG_WARN__DUPLICATE_METHOD_MATCH = YES;
				CODE_SIGN_IDENTITY = "iPhone Developer";
				COPY_PHASE_STRIP = NO;
				DEBUG_INFORMATION_FORMAT = "dwarf-with-dsym";
				ENABLE_NS_ASSERTIONS = NO;
				ENABLE_STRICT_OBJC_MSGSEND = YES;
				GCC_C_LANGUAGE_STANDARD = gnu11;
				GCC_NO_COMMON_BLOCKS = YES;
				GCC_WARN_64_TO_32_BIT_CONVERSION = YES;
				GCC_WARN_ABOUT_RETURN_TYPE = YES_ERROR;
				GCC_WARN_UNDECLARED_SELECTOR = YES;
				GCC_WARN_UNINITIALIZED_AUTOS = YES_AGGRESSIVE;
				GCC_WARN_UNUSED_FUNCTION = YES;
				GCC_WARN_UNUSED_VARIABLE = YES;
				IPHONEOS_DEPLOYMENT_TARGET = 12.1;
				MTL_ENABLE_DEBUG_INFO = NO;
				MTL_FAST_MATH = YES;
				SDKROOT = iphoneos;
				VALIDATE_PRODUCT = YES;
			};
			name = Release;
		};
		DC8C49402213B4CD00AF7310 /* Debug */ = {
			isa = XCBuildConfiguration;
			buildSettings = {
				ASSETCATALOG_COMPILER_APPICON_NAME = AppIcon;
				CODE_SIGN_STYLE = Automatic;
				DEVELOPMENT_TEAM = RPU264HFMW;
				INFOPLIST_FILE = MB/Info.plist;
				LD_RUNPATH_SEARCH_PATHS = (
					"$(inherited)",
					"@executable_path/Frameworks",
				);
				PRODUCT_BUNDLE_IDENTIFIER = langlib.MB;
				PRODUCT_NAME = "$(TARGET_NAME)";
				TARGETED_DEVICE_FAMILY = "1,2";
			};
			name = Debug;
		};
		DC8C49412213B4CD00AF7310 /* Release */ = {
			isa = XCBuildConfiguration;
			buildSettings = {
				ASSETCATALOG_COMPILER_APPICON_NAME = AppIcon;
				CODE_SIGN_STYLE = Automatic;
				DEVELOPMENT_TEAM = RPU264HFMW;
				INFOPLIST_FILE = MB/Info.plist;
				LD_RUNPATH_SEARCH_PATHS = (
					"$(inherited)",
					"@executable_path/Frameworks",
				);
				PRODUCT_BUNDLE_IDENTIFIER = langlib.MB;
				PRODUCT_NAME = "$(TARGET_NAME)";
				TARGETED_DEVICE_FAMILY = "1,2";
			};
			name = Release;
		};
/* End XCBuildConfiguration section */

/* Begin XCConfigurationList section */
		DC8C49242213B4CC00AF7310 /* Build configuration list for PBXProject "MB" */ = {
			isa = XCConfigurationList;
			buildConfigurations = (
				DC8C493D2213B4CD00AF7310 /* Debug */,
				DC8C493E2213B4CD00AF7310 /* Release */,
			);
			defaultConfigurationIsVisible = 0;
			defaultConfigurationName = Release;
		};
		DC8C493F2213B4CD00AF7310 /* Build configuration list for PBXNativeTarget "MB" */ = {
			isa = XCConfigurationList;
			buildConfigurations = (
				DC8C49402213B4CD00AF7310 /* Debug */,
				DC8C49412213B4CD00AF7310 /* Release */,
			);
			defaultConfigurationIsVisible = 0;
			defaultConfigurationName = Release;
		};
/* End XCConfigurationList section */
	};
	rootObject = DC8C49212213B4CC00AF7310 /* Project object */;
}
